
Microsoft Visual Studio Solution File, Format Version 12.00
# Visual Studio Version 16
VisualStudioVersion = 16.0.31005.135
MinimumVisualStudioVersion = 10.0.40219.1
Project("{FAE04EC0-301F-11D3-BF4B-00C04F79EFBC}") = "BookStore", "BookStore\BookStore.csproj", "{CCEF0AD0-02DA-4464-95E3-5C301B873E0E}"
EndProject
Global
	GlobalSection(SolutionConfigurationPlatforms) = preSolution
		Debug|Any CPU = Debug|Any CPU
		Release|Any CPU = Release|Any CPU
	EndGlobalSection
	GlobalSection(ProjectConfigurationPlatforms) = postSolution
		{CCEF0AD0-02DA-4464-95E3-5C301B873E0E}.Debug|Any CPU.ActiveCfg = Debug|Any CPU
		{CCEF0AD0-02DA-4464-95E3-5C301B873E0E}.Debug|Any CPU.Build.0 = Debug|Any CPU
		{CCEF0AD0-02DA-4464-95E3-5C301B873E0E}.Release|Any CPU.ActiveCfg = Release|Any CPU
		{CCEF0AD0-02DA-4464-95E3-5C301B873E0E}.Release|Any CPU.Build.0 = Release|Any CPU
	EndGlobalSection
	GlobalSection(SolutionProperties) = preSolution
		HideSolutionNode = FALSE
	EndGlobalSection
	GlobalSection(ExtensibilityGlobals) = postSolution
		SolutionGuid = {25A36C61-CFB6-4D42-8A38-F78EB088D147}
	EndGlobalSection
EndGlobal
